
Microsoft Visual Studio Solution File, Format Version 12.00
# Visual Studio Version 17
VisualStudioVersion = 17.3.32929.385
MinimumVisualStudioVersion = 10.0.40219.1
Project("{FAE04EC0-301F-11D3-BF4B-00C04F79EFBC}") = "HM4_Program3", "HM4_Program3\HM4_Program3.csproj", "{DFA88546-DF37-4602-86D1-E8B7A9C55AB9}"
EndProject
Global
	GlobalSection(SolutionConfigurationPlatforms) = preSolution
		Debug|Any CPU = Debug|Any CPU
		Release|Any CPU = Release|Any CPU
	EndGlobalSection
	GlobalSection(ProjectConfigurationPlatforms) = postSolution
		{DFA88546-DF37-4602-86D1-E8B7A9C55AB9}.Debug|Any CPU.ActiveCfg = Debug|Any CPU
		{DFA88546-DF37-4602-86D1-E8B7A9C55AB9}.Debug|Any CPU.Build.0 = Debug|Any CPU
		{DFA88546-DF37-4602-86D1-E8B7A9C55AB9}.Release|Any CPU.ActiveCfg = Release|Any CPU
		{DFA88546-DF37-4602-86D1-E8B7A9C55AB9}.Release|Any CPU.Build.0 = Release|Any CPU
	EndGlobalSection
	GlobalSection(SolutionProperties) = preSolution
		HideSolutionNode = FALSE
	EndGlobalSection
	GlobalSection(ExtensibilityGlobals) = postSolution
		SolutionGuid = {DBE412DC-60A1-4260-B63E-E4CD09015A39}
	EndGlobalSection
EndGlobal
